
Microsoft Visual Studio Solution File, Format Version 12.00
# Visual Studio 15
VisualStudioVersion = 15.0.27703.2047
MinimumVisualStudioVersion = 10.0.40219.1
Project("{FAE04EC0-301F-11D3-BF4B-00C04F79EFBC}") = "testTest", "testTest\testTest.csproj", "{4B44E159-3B53-4E43-A779-F59758536A7E}"
EndProject
Global
	GlobalSection(SolutionConfigurationPlatforms) = preSolution
		Debug|Any CPU = Debug|Any CPU
		Release|Any CPU = Release|Any CPU
	EndGlobalSection
	GlobalSection(ProjectConfigurationPlatforms) = postSolution
		{4B44E159-3B53-4E43-A779-F59758536A7E}.Debug|Any CPU.ActiveCfg = Debug|Any CPU
		{4B44E159-3B53-4E43-A779-F59758536A7E}.Debug|Any CPU.Build.0 = Debug|Any CPU
		{4B44E159-3B53-4E43-A779-F59758536A7E}.Release|Any CPU.ActiveCfg = Release|Any CPU
		{4B44E159-3B53-4E43-A779-F59758536A7E}.Release|Any CPU.Build.0 = Release|Any CPU
	EndGlobalSection
	GlobalSection(SolutionProperties) = preSolution
		HideSolutionNode = FALSE
	EndGlobalSection
	GlobalSection(ExtensibilityGlobals) = postSolution
		SolutionGuid = {1B6FB3BB-94A2-4BB0-A97E-A62F4F0C1F36}
	EndGlobalSection
EndGlobal
